
Microsoft Visual Studio Solution File, Format Version 12.00
# Visual Studio Version 17
VisualStudioVersion = 17.10.35013.160
MinimumVisualStudioVersion = 10.0.40219.1
Project("{FAE04EC0-301F-11D3-BF4B-00C04F79EFBC}") = "project_election", "project_election\project_election.csproj", "{744FC59F-157D-403E-B832-F7655C5DC2E0}"
EndProject
Global
	GlobalSection(SolutionConfigurationPlatforms) = preSolution
		Debug|Any CPU = Debug|Any CPU
		Release|Any CPU = Release|Any CPU
	EndGlobalSection
	GlobalSection(ProjectConfigurationPlatforms) = postSolution
		{744FC59F-157D-403E-B832-F7655C5DC2E0}.Debug|Any CPU.ActiveCfg = Debug|Any CPU
		{744FC59F-157D-403E-B832-F7655C5DC2E0}.Debug|Any CPU.Build.0 = Debug|Any CPU
		{744FC59F-157D-403E-B832-F7655C5DC2E0}.Release|Any CPU.ActiveCfg = Release|Any CPU
		{744FC59F-157D-403E-B832-F7655C5DC2E0}.Release|Any CPU.Build.0 = Release|Any CPU
	EndGlobalSection
	GlobalSection(SolutionProperties) = preSolution
		HideSolutionNode = FALSE
	EndGlobalSection
	GlobalSection(ExtensibilityGlobals) = postSolution
		SolutionGuid = {338EE31E-A03C-460E-BD10-21E19882EACE}
	EndGlobalSection
EndGlobal
